// !$*UTF8*$!
{
	archiveVersion = 1;
	classes = {
	};
	objectVersion = 50;
	objects = {

/* Begin PBXBuildFile section */
		1712256C20E1B9EC00D4CE81 /* Question.swift in Sources */ = {isa = PBXBuildFile; fileRef = 1712256B20E1B9EC00D4CE81 /* Question.swift */; };
		1712256E20E1BC3C00D4CE81 /* QuestionBank.swift in Sources */ = {isa = PBXBuildFile; fileRef = 1712256D20E1BC3C00D4CE81 /* QuestionBank.swift */; };
		175F660F20E816BD00BB9A83 /* ProgressHUD.m in Sources */ = {isa = PBXBuildFile; fileRef = 175F660C20E816BD00BB9A83 /* ProgressHUD.m */; };
		175F661020E816BD00BB9A83 /* ProgressHUD.bundle in Resources */ = {isa = PBXBuildFile; fileRef = 175F660E20E816BD00BB9A83 /* ProgressHUD.bundle */; };
		178B6F8620E6FAA000CAE7C9 /* Question.m in Sources */ = {isa = PBXBuildFile; fileRef = 178B6F8520E6FAA000CAE7C9 /* Question.m */; };
		178B6F8920E6FB8700CAE7C9 /* QuestionBank.m in Sources */ = {isa = PBXBuildFile; fileRef = 178B6F8820E6FB8700CAE7C9 /* QuestionBank.m */; };
		17DD7CA920DED85C0041516B /* AppDelegate.m in Sources */ = {isa = PBXBuildFile; fileRef = 17DD7CA820DED85C0041516B /* AppDelegate.m */; };
		17DD7CAC20DED85C0041516B /* MainViewController.m in Sources */ = {isa = PBXBuildFile; fileRef = 17DD7CAB20DED85C0041516B /* MainViewController.m */; };
		17DD7CAF20DED85C0041516B /* Main.storyboard in Resources */ = {isa = PBXBuildFile; fileRef = 17DD7CAD20DED85C0041516B /* Main.storyboard */; };
		17DD7CB120DED85D0041516B /* Assets.xcassets in Resources */ = {isa = PBXBuildFile; fileRef = 17DD7CB020DED85D0041516B /* Assets.xcassets */; };
		17DD7CB420DED85D0041516B /* LaunchScreen.storyboard in Resources */ = {isa = PBXBuildFile; fileRef = 17DD7CB220DED85D0041516B /* LaunchScreen.storyboard */; };
		17DD7CB720DED85D0041516B /* main.m in Sources */ = {isa = PBXBuildFile; fileRef = 17DD7CB620DED85D0041516B /* main.m */; };
		17DD7CC420DEE4680041516B /* AppDelegate.swift in Sources */ = {isa = PBXBuildFile; fileRef = 17DD7CC320DEE4680041516B /* AppDelegate.swift */; };
		17DD7CC620DEE4680041516B /* MainViewController.swift in Sources */ = {isa = PBXBuildFile; fileRef = 17DD7CC520DEE4680041516B /* MainViewController.swift */; };
		17DD7CCB20DEE4690041516B /* Assets.xcassets in Resources */ = {isa = PBXBuildFile; fileRef = 17DD7CCA20DEE4690041516B /* Assets.xcassets */; };
		17DD7CCE20DEE4690041516B /* LaunchScreen.storyboard in Resources */ = {isa = PBXBuildFile; fileRef = 17DD7CCC20DEE4690041516B /* LaunchScreen.storyboard */; };
		17DD7CDB20DEE47C0041516B /* AppDelegate.m in Sources */ = {isa = PBXBuildFile; fileRef = 17DD7CDA20DEE47C0041516B /* AppDelegate.m */; };
		17DD7CDE20DEE47C0041516B /* MainViewController.m in Sources */ = {isa = PBXBuildFile; fileRef = 17DD7CDD20DEE47C0041516B /* MainViewController.m */; };
		17DD7CE320DEE47D0041516B /* Assets.xcassets in Resources */ = {isa = PBXBuildFile; fileRef = 17DD7CE220DEE47D0041516B /* Assets.xcassets */; };
		17DD7CE620DEE47D0041516B /* LaunchScreen.storyboard in Resources */ = {isa = PBXBuildFile; fileRef = 17DD7CE420DEE47D0041516B /* LaunchScreen.storyboard */; };
		17DD7CE920DEE47D0041516B /* main.m in Sources */ = {isa = PBXBuildFile; fileRef = 17DD7CE820DEE47D0041516B /* main.m */; };
		17DD7CED20DEE49A0041516B /* Main.storyboard in Resources */ = {isa = PBXBuildFile; fileRef = 17DD7CAD20DED85C0041516B /* Main.storyboard */; };
		17DD7CEE20DEE49A0041516B /* Main.storyboard in Resources */ = {isa = PBXBuildFile; fileRef = 17DD7CAD20DED85C0041516B /* Main.storyboard */; };
/* End PBXBuildFile section */

/* Begin PBXFileReference section */
		1712256B20E1B9EC00D4CE81 /* Question.swift */ = {isa = PBXFileReference; lastKnownFileType = sourcecode.swift; path = Question.swift; sourceTree = "<group>"; };
		1712256D20E1BC3C00D4CE81 /* QuestionBank.swift */ = {isa = PBXFileReference; lastKnownFileType = sourcecode.swift; path = QuestionBank.swift; sourceTree = "<group>"; };
		175F660C20E816BD00BB9A83 /* ProgressHUD.m */ = {isa = PBXFileReference; fileEncoding = 4; lastKnownFileType = sourcecode.c.objc; path = ProgressHUD.m; sourceTree = "<group>"; };
		175F660D20E816BD00BB9A83 /* ProgressHUD.h */ = {isa = PBXFileReference; fileEncoding = 4; lastKnownFileType = sourcecode.c.h; path = ProgressHUD.h; sourceTree = "<group>"; };
		175F660E20E816BD00BB9A83 /* ProgressHUD.bundle */ = {isa = PBXFileReference; lastKnownFileType = "wrapper.plug-in"; path = ProgressHUD.bundle; sourceTree = "<group>"; };
		177A95F820E8165900BB6F2A /* Quiz_Swift-Bridging-Header.h */ = {isa = PBXFileReference; lastKnownFileType = sourcecode.c.h; path = "Quiz_Swift-Bridging-Header.h"; sourceTree = "<group>"; };
		178B6F8420E6FAA000CAE7C9 /* Question.h */ = {isa = PBXFileReference; lastKnownFileType = sourcecode.c.h; path = Question.h; sourceTree = "<group>"; };
		178B6F8520E6FAA000CAE7C9 /* Question.m */ = {isa = PBXFileReference; lastKnownFileType = sourcecode.c.objc; path = Question.m; sourceTree = "<group>"; };
		178B6F8720E6FB8700CAE7C9 /* QuestionBank.h */ = {isa = PBXFileReference; lastKnownFileType = sourcecode.c.h; path = QuestionBank.h; sourceTree = "<group>"; };
		178B6F8820E6FB8700CAE7C9 /* QuestionBank.m */ = {isa = PBXFileReference; lastKnownFileType = sourcecode.c.objc; path = QuestionBank.m; sourceTree = "<group>"; };
		17DD7CA420DED85C0041516B /* QuizParentAppBase.app */ = {isa = PBXFileReference; explicitFileType = wrapper.application; includeInIndex = 0; path = QuizParentAppBase.app; sourceTree = BUILT_PRODUCTS_DIR; };
		17DD7CA720DED85C0041516B /* AppDelegate.h */ = {isa = PBXFileReference; lastKnownFileType = sourcecode.c.h; path = AppDelegate.h; sourceTree = "<group>"; };
		17DD7CA820DED85C0041516B /* AppDelegate.m */ = {isa = PBXFileReference; lastKnownFileType = sourcecode.c.objc; path = AppDelegate.m; sourceTree = "<group>"; };
		17DD7CAA20DED85C0041516B /* MainViewController.h */ = {isa = PBXFileReference; lastKnownFileType = sourcecode.c.h; path = MainViewController.h; sourceTree = "<group>"; };
		17DD7CAB20DED85C0041516B /* MainViewController.m */ = {isa = PBXFileReference; lastKnownFileType = sourcecode.c.objc; path = MainViewController.m; sourceTree = "<group>"; };
		17DD7CAE20DED85C0041516B /* Base */ = {isa = PBXFileReference; lastKnownFileType = file.storyboard; name = Base; path = Base.lproj/Main.storyboard; sourceTree = "<group>"; };
		17DD7CB020DED85D0041516B /* Assets.xcassets */ = {isa = PBXFileReference; lastKnownFileType = folder.assetcatalog; path = Assets.xcassets; sourceTree = "<group>"; };
		17DD7CB320DED85D0041516B /* Base */ = {isa = PBXFileReference; lastKnownFileType = file.storyboard; name = Base; path = Base.lproj/LaunchScreen.storyboard; sourceTree = "<group>"; };
		17DD7CB520DED85D0041516B /* Info.plist */ = {isa = PBXFileReference; lastKnownFileType = text.plist.xml; path = Info.plist; sourceTree = "<group>"; };
		17DD7CB620DED85D0041516B /* main.m */ = {isa = PBXFileReference; lastKnownFileType = sourcecode.c.objc; path = main.m; sourceTree = "<group>"; };
		17DD7CC120DEE4680041516B /* Quiz_Swift.app */ = {isa = PBXFileReference; explicitFileType = wrapper.application; includeInIndex = 0; path = Quiz_Swift.app; sourceTree = BUILT_PRODUCTS_DIR; };
		17DD7CC320DEE4680041516B /* AppDelegate.swift */ = {isa = PBXFileReference; lastKnownFileType = sourcecode.swift; path = AppDelegate.swift; sourceTree = "<group>"; };
		17DD7CC520DEE4680041516B /* MainViewController.swift */ = {isa = PBXFileReference; lastKnownFileType = sourcecode.swift; path = MainViewController.swift; sourceTree = "<group>"; };
		17DD7CCA20DEE4690041516B /* Assets.xcassets */ = {isa = PBXFileReference; lastKnownFileType = folder.assetcatalog; path = Assets.xcassets; sourceTree = "<group>"; };
		17DD7CCD20DEE4690041516B /* Base */ = {isa = PBXFileReference; lastKnownFileType = file.storyboard; name = Base; path = Base.lproj/LaunchScreen.storyboard; sourceTree = "<group>"; };
		17DD7CCF20DEE4690041516B /* Info.plist */ = {isa = PBXFileReference; lastKnownFileType = text.plist.xml; path = Info.plist; sourceTree = "<group>"; };
		17DD7CD720DEE47C0041516B /* Quiz_ObjC.app */ = {isa = PBXFileReference; explicitFileType = wrapper.application; includeInIndex = 0; path = Quiz_ObjC.app; sourceTree = BUILT_PRODUCTS_DIR; };
		17DD7CD920DEE47C0041516B /* AppDelegate.h */ = {isa = PBXFileReference; lastKnownFileType = sourcecode.c.h; path = AppDelegate.h; sourceTree = "<group>"; };
		17DD7CDA20DEE47C0041516B /* AppDelegate.m */ = {isa = PBXFileReference; lastKnownFileType = sourcecode.c.objc; path = AppDelegate.m; sourceTree = "<group>"; };
		17DD7CDC20DEE47C0041516B /* MainViewController.h */ = {isa = PBXFileReference; lastKnownFileType = sourcecode.c.h; path = MainViewController.h; sourceTree = "<group>"; };
		17DD7CDD20DEE47C0041516B /* MainViewController.m */ = {isa = PBXFileReference; lastKnownFileType = sourcecode.c.objc; path = MainViewController.m; sourceTree = "<group>"; };
		17DD7CE220DEE47D0041516B /* Assets.xcassets */ = {isa = PBXFileReference; lastKnownFileType = folder.assetcatalog; path = Assets.xcassets; sourceTree = "<group>"; };
		17DD7CE520DEE47D0041516B /* Base */ = {isa = PBXFileReference; lastKnownFileType = file.storyboard; name = Base; path = Base.lproj/LaunchScreen.storyboard; sourceTree = "<group>"; };
		17DD7CE720DEE47D0041516B /* Info.plist */ = {isa = PBXFileReference; lastKnownFileType = text.plist.xml; path = Info.plist; sourceTree = "<group>"; };
		17DD7CE820DEE47D0041516B /* main.m */ = {isa = PBXFileReference; lastKnownFileType = sourcecode.c.objc; path = main.m; sourceTree = "<group>"; };
/* End PBXFileReference section */

/* Begin PBXFrameworksBuildPhase section */
		17DD7CA120DED85C0041516B /* Frameworks */ = {
			isa = PBXFrameworksBuildPhase;
			buildActionMask = 2147483647;
			files = (
			);
			runOnlyForDeploymentPostprocessing = 0;
		};
		17DD7CBE20DEE4680041516B /* Frameworks */ = {
			isa = PBXFrameworksBuildPhase;
			buildActionMask = 2147483647;
			files = (
			);
			runOnlyForDeploymentPostprocessing = 0;
		};
		17DD7CD420DEE47C0041516B /* Frameworks */ = {
			isa = PBXFrameworksBuildPhase;
			buildActionMask = 2147483647;
			files = (
			);
			runOnlyForDeploymentPostprocessing = 0;
		};
/* End PBXFrameworksBuildPhase section */

/* Begin PBXGroup section */
		1712256520E1B80200D4CE81 /* Controller */ = {
			isa = PBXGroup;
			children = (
				17DD7CC320DEE4680041516B /* AppDelegate.swift */,
				17DD7CC520DEE4680041516B /* MainViewController.swift */,
			);
			path = Controller;
			sourceTree = "<group>";
		};
		1712256620E1B80D00D4CE81 /* View */ = {
			isa = PBXGroup;
			children = (
			);
			path = View;
			sourceTree = "<group>";
		};
		1712256720E1B81200D4CE81 /* Model */ = {
			isa = PBXGroup;
			children = (
				1712256B20E1B9EC00D4CE81 /* Question.swift */,
				1712256D20E1BC3C00D4CE81 /* QuestionBank.swift */,
			);
			path = Model;
			sourceTree = "<group>";
		};
		1712256820E1B81C00D4CE81 /* Controller */ = {
			isa = PBXGroup;
			children = (
				17DD7CD920DEE47C0041516B /* AppDelegate.h */,
				17DD7CDA20DEE47C0041516B /* AppDelegate.m */,
				17DD7CDC20DEE47C0041516B /* MainViewController.h */,
				17DD7CDD20DEE47C0041516B /* MainViewController.m */,
			);
			path = Controller;
			sourceTree = "<group>";
		};
		1712256920E1B82300D4CE81 /* View */ = {
			isa = PBXGroup;
			children = (
			);
			path = View;
			sourceTree = "<group>";
		};
		1712256A20E1B82900D4CE81 /* Model */ = {
			isa = PBXGroup;
			children = (
				178B6F8420E6FAA000CAE7C9 /* Question.h */,
				178B6F8520E6FAA000CAE7C9 /* Question.m */,
				178B6F8720E6FB8700CAE7C9 /* QuestionBank.h */,
				178B6F8820E6FB8700CAE7C9 /* QuestionBank.m */,
			);
			path = Model;
			sourceTree = "<group>";
		};
		17DD7C9B20DED85C0041516B = {
			isa = PBXGroup;
			children = (
				17DD7CA620DED85C0041516B /* QuizParentAppBase */,
				17DD7CC220DEE4680041516B /* Quiz_Swift */,
				17DD7CD820DEE47C0041516B /* Quiz_ObjC */,
				17DD7CA520DED85C0041516B /* Products */,
			);
			sourceTree = "<group>";
		};
		17DD7CA520DED85C0041516B /* Products */ = {
			isa = PBXGroup;
			children = (
				17DD7CA420DED85C0041516B /* QuizParentAppBase.app */,
				17DD7CC120DEE4680041516B /* Quiz_Swift.app */,
				17DD7CD720DEE47C0041516B /* Quiz_ObjC.app */,
			);
			name = Products;
			sourceTree = "<group>";
		};
		17DD7CA620DED85C0041516B /* QuizParentAppBase */ = {
			isa = PBXGroup;
			children = (
				17DD7CA720DED85C0041516B /* AppDelegate.h */,
				17DD7CA820DED85C0041516B /* AppDelegate.m */,
				17DD7CAA20DED85C0041516B /* MainViewController.h */,
				17DD7CAB20DED85C0041516B /* MainViewController.m */,
				17DD7CAD20DED85C0041516B /* Main.storyboard */,
				17DD7CB020DED85D0041516B /* Assets.xcassets */,
				17DD7CB220DED85D0041516B /* LaunchScreen.storyboard */,
				17DD7CB520DED85D0041516B /* Info.plist */,
				17DD7CB620DED85D0041516B /* main.m */,
			);
			path = QuizParentAppBase;
			sourceTree = "<group>";
		};
		17DD7CC220DEE4680041516B /* Quiz_Swift */ = {
			isa = PBXGroup;
			children = (
				1712256720E1B81200D4CE81 /* Model */,
				1712256620E1B80D00D4CE81 /* View */,
				1712256520E1B80200D4CE81 /* Controller */,
				17DD7CCA20DEE4690041516B /* Assets.xcassets */,
				17DD7CCC20DEE4690041516B /* LaunchScreen.storyboard */,
				17DD7CCF20DEE4690041516B /* Info.plist */,
				177A95F820E8165900BB6F2A /* Quiz_Swift-Bridging-Header.h */,
			);
			path = Quiz_Swift;
			sourceTree = "<group>";
		};
		17DD7CD820DEE47C0041516B /* Quiz_ObjC */ = {
			isa = PBXGroup;
			children = (
				175F660E20E816BD00BB9A83 /* ProgressHUD.bundle */,
				175F660D20E816BD00BB9A83 /* ProgressHUD.h */,
				175F660C20E816BD00BB9A83 /* ProgressHUD.m */,
				1712256A20E1B82900D4CE81 /* Model */,
				1712256920E1B82300D4CE81 /* View */,
				1712256820E1B81C00D4CE81 /* Controller */,
				17DD7CE220DEE47D0041516B /* Assets.xcassets */,
				17DD7CE420DEE47D0041516B /* LaunchScreen.storyboard */,
				17DD7CE720DEE47D0041516B /* Info.plist */,
				17DD7CE820DEE47D0041516B /* main.m */,
			);
			path = Quiz_ObjC;
			sourceTree = "<group>";
		};
/* End PBXGroup section */

/* Begin PBXNativeTarget section */
		17DD7CA320DED85C0041516B /* QuizParentAppBase */ = {
			isa = PBXNativeTarget;
			buildConfigurationList = 17DD7CBA20DED85D0041516B /* Build configuration list for PBXNativeTarget "QuizParentAppBase" */;
			buildPhases = (
				17DD7CA020DED85C0041516B /* Sources */,
				17DD7CA120DED85C0041516B /* Frameworks */,
				17DD7CA220DED85C0041516B /* Resources */,
			);
			buildRules = (
			);
			dependencies = (
			);
			name = QuizParentAppBase;
			productName = QuizParentAppBase;
			productReference = 17DD7CA420DED85C0041516B /* QuizParentAppBase.app */;
			productType = "com.apple.product-type.application";
		};
		17DD7CC020DEE4680041516B /* Quiz_Swift */ = {
			isa = PBXNativeTarget;
			buildConfigurationList = 17DD7CD020DEE4690041516B /* Build configuration list for PBXNativeTarget "Quiz_Swift" */;
			buildPhases = (
				17DD7CBD20DEE4680041516B /* Sources */,
				17DD7CBE20DEE4680041516B /* Frameworks */,
				17DD7CBF20DEE4680041516B /* Resources */,
			);
			buildRules = (
			);
			dependencies = (
			);
			name = Quiz_Swift;
			productName = Quiz_Swift;
			productReference = 17DD7CC120DEE4680041516B /* Quiz_Swift.app */;
			productType = "com.apple.product-type.application";
		};
		17DD7CD620DEE47C0041516B /* Quiz_ObjC */ = {
			isa = PBXNativeTarget;
			buildConfigurationList = 17DD7CEA20DEE47D0041516B /* Build configuration list for PBXNativeTarget "Quiz_ObjC" */;
			buildPhases = (
				17DD7CD320DEE47C0041516B /* Sources */,
				17DD7CD420DEE47C0041516B /* Frameworks */,
				17DD7CD520DEE47C0041516B /* Resources */,
			);
			buildRules = (
			);
			dependencies = (
			);
			name = Quiz_ObjC;
			productName = Quiz_ObjC;
			productReference = 17DD7CD720DEE47C0041516B /* Quiz_ObjC.app */;
			productType = "com.apple.product-type.application";
		};
/* End PBXNativeTarget section */

/* Begin PBXProject section */
		17DD7C9C20DED85C0041516B /* Project object */ = {
			isa = PBXProject;
			attributes = {
				LastSwiftUpdateCheck = 0940;
				LastUpgradeCheck = 0940;
				ORGANIZATIONNAME = "Chandan Sarkar";
				TargetAttributes = {
					17DD7CA320DED85C0041516B = {
						CreatedOnToolsVersion = 9.4.1;
					};
					17DD7CC020DEE4680041516B = {
						CreatedOnToolsVersion = 9.4.1;
						LastSwiftMigration = 0940;
					};
					17DD7CD620DEE47C0041516B = {
						CreatedOnToolsVersion = 9.4.1;
					};
				};
			};
			buildConfigurationList = 17DD7C9F20DED85C0041516B /* Build configuration list for PBXProject "QuizParentAppBase" */;
			compatibilityVersion = "Xcode 9.3";
			developmentRegion = en;
			hasScannedForEncodings = 0;
			knownRegions = (
				en,
				Base,
			);
			mainGroup = 17DD7C9B20DED85C0041516B;
			productRefGroup = 17DD7CA520DED85C0041516B /* Products */;
			projectDirPath = "";
			projectRoot = "";
			targets = (
				17DD7CA320DED85C0041516B /* QuizParentAppBase */,
				17DD7CC020DEE4680041516B /* Quiz_Swift */,
				17DD7CD620DEE47C0041516B /* Quiz_ObjC */,
			);
		};
/* End PBXProject section */

/* Begin PBXResourcesBuildPhase section */
		17DD7CA220DED85C0041516B /* Resources */ = {
			isa = PBXResourcesBuildPhase;
			buildActionMask = 2147483647;
			files = (
				17DD7CB420DED85D0041516B /* LaunchScreen.storyboard in Resources */,
				17DD7CB120DED85D0041516B /* Assets.xcassets in Resources */,
				17DD7CAF20DED85C0041516B /* Main.storyboard in Resources */,
			);
			runOnlyForDeploymentPostprocessing = 0;
		};
		17DD7CBF20DEE4680041516B /* Resources */ = {
			isa = PBXResourcesBuildPhase;
			buildActionMask = 2147483647;
			files = (
				17DD7CCE20DEE4690041516B /* LaunchScreen.storyboard in Resources */,
				17DD7CCB20DEE4690041516B /* Assets.xcassets in Resources */,
				17DD7CED20DEE49A0041516B /* Main.storyboard in Resources */,
			);
			runOnlyForDeploymentPostprocessing = 0;
		};
		17DD7CD520DEE47C0041516B /* Resources */ = {
			isa = PBXResourcesBuildPhase;
			buildActionMask = 2147483647;
			files = (
				175F661020E816BD00BB9A83 /* ProgressHUD.bundle in Resources */,
				17DD7CE620DEE47D0041516B /* LaunchScreen.storyboard in Resources */,
				17DD7CE320DEE47D0041516B /* Assets.xcassets in Resources */,
				17DD7CEE20DEE49A0041516B /* Main.storyboard in Resources */,
			);
			runOnlyForDeploymentPostprocessing = 0;
		};
/* End PBXResourcesBuildPhase section */

/* Begin PBXSourcesBuildPhase section */
		17DD7CA020DED85C0041516B /* Sources */ = {
			isa = PBXSourcesBuildPhase;
			buildActionMask = 2147483647;
			files = (
				17DD7CAC20DED85C0041516B /* MainViewController.m in Sources */,
				17DD7CB720DED85D0041516B /* main.m in Sources */,
				17DD7CA920DED85C0041516B /* AppDelegate.m in Sources */,
			);
			runOnlyForDeploymentPostprocessing = 0;
		};
		17DD7CBD20DEE4680041516B /* Sources */ = {
			isa = PBXSourcesBuildPhase;
			buildActionMask = 2147483647;
			files = (
				1712256C20E1B9EC00D4CE81 /* Question.swift in Sources */,
				1712256E20E1BC3C00D4CE81 /* QuestionBank.swift in Sources */,
				17DD7CC620DEE4680041516B /* MainViewController.swift in Sources */,
				17DD7CC420DEE4680041516B /* AppDelegate.swift in Sources */,
			);
			runOnlyForDeploymentPostprocessing = 0;
		};
		17DD7CD320DEE47C0041516B /* Sources */ = {
			isa = PBXSourcesBuildPhase;
			buildActionMask = 2147483647;
			files = (
				175F660F20E816BD00BB9A83 /* ProgressHUD.m in Sources */,
				178B6F8920E6FB8700CAE7C9 /* QuestionBank.m in Sources */,
				17DD7CDE20DEE47C0041516B /* MainViewController.m in Sources */,
				178B6F8620E6FAA000CAE7C9 /* Question.m in Sources */,
				17DD7CE920DEE47D0041516B /* main.m in Sources */,
				17DD7CDB20DEE47C0041516B /* AppDelegate.m in Sources */,
			);
			runOnlyForDeploymentPostprocessing = 0;
		};
/* End PBXSourcesBuildPhase section */

/* Begin PBXVariantGroup section */
		17DD7CAD20DED85C0041516B /* Main.storyboard */ = {
			isa = PBXVariantGroup;
			children = (
				17DD7CAE20DED85C0041516B /* Base */,
			);
			name = Main.storyboard;
			sourceTree = "<group>";
		};
		17DD7CB220DED85D0041516B /* LaunchScreen.storyboard */ = {
			isa = PBXVariantGroup;
			children = (
				17DD7CB320DED85D0041516B /* Base */,
			);
			name = LaunchScreen.storyboard;
			sourceTree = "<group>";
		};
		17DD7CCC20DEE4690041516B /* LaunchScreen.storyboard */ = {
			isa = PBXVariantGroup;
			children = (
				17DD7CCD20DEE4690041516B /* Base */,
			);
			name = LaunchScreen.storyboard;
			sourceTree = "<group>";
		};
		17DD7CE420DEE47D0041516B /* LaunchScreen.storyboard */ = {
			isa = PBXVariantGroup;
			children = (
				17DD7CE520DEE47D0041516B /* Base */,
			);
			name = LaunchScreen.storyboard;
			sourceTree = "<group>";
		};
/* End PBXVariantGroup section */

/* Begin XCBuildConfiguration section */
		17DD7CB820DED85D0041516B /* Debug */ = {
			isa = XCBuildConfiguration;
			buildSettings = {
				ALWAYS_SEARCH_USER_PATHS = NO;
				CLANG_ANALYZER_NONNULL = YES;
				CLANG_ANALYZER_NUMBER_OBJECT_CONVERSION = YES_AGGRESSIVE;
				CLANG_CXX_LANGUAGE_STANDARD = "gnu++14";
				CLANG_CXX_LIBRARY = "libc++";
				CLANG_ENABLE_MODULES = YES;
				CLANG_ENABLE_OBJC_ARC = YES;
				CLANG_ENABLE_OBJC_WEAK = YES;
				CLANG_WARN_BLOCK_CAPTURE_AUTORELEASING = YES;
				CLANG_WARN_BOOL_CONVERSION = YES;
				CLANG_WARN_COMMA = YES;
				CLANG_WARN_CONSTANT_CONVERSION = YES;
				CLANG_WARN_DEPRECATED_OBJC_IMPLEMENTATIONS = YES;
				CLANG_WARN_DIRECT_OBJC_ISA_USAGE = YES_ERROR;
				CLANG_WARN_DOCUMENTATION_COMMENTS = YES;
				CLANG_WARN_EMPTY_BODY = YES;
				CLANG_WARN_ENUM_CONVERSION = YES;
				CLANG_WARN_INFINITE_RECURSION = YES;
				CLANG_WARN_INT_CONVERSION = YES;
				CLANG_WARN_NON_LITERAL_NULL_CONVERSION = YES;
				CLANG_WARN_OBJC_IMPLICIT_RETAIN_SELF = YES;
				CLANG_WARN_OBJC_LITERAL_CONVERSION = YES;
				CLANG_WARN_OBJC_ROOT_CLASS = YES_ERROR;
				CLANG_WARN_RANGE_LOOP_ANALYSIS = YES;
				CLANG_WARN_STRICT_PROTOTYPES = YES;
				CLANG_WARN_SUSPICIOUS_MOVE = YES;
				CLANG_WARN_UNGUARDED_AVAILABILITY = YES_AGGRESSIVE;
				CLANG_WARN_UNREACHABLE_CODE = YES;
				CLANG_WARN__DUPLICATE_METHOD_MATCH = YES;
				CODE_SIGN_IDENTITY = "iPhone Developer";
				COPY_PHASE_STRIP = NO;
				DEBUG_INFORMATION_FORMAT = dwarf;
				ENABLE_STRICT_OBJC_MSGSEND = YES;
				ENABLE_TESTABILITY = YES;
				GCC_C_LANGUAGE_STANDARD = gnu11;
				GCC_DYNAMIC_NO_PIC = NO;
				GCC_NO_COMMON_BLOCKS = YES;
				GCC_OPTIMIZATION_LEVEL = 0;
				GCC_PREPROCESSOR_DEFINITIONS = (
					"DEBUG=1",
					"$(inherited)",
				);
				GCC_WARN_64_TO_32_BIT_CONVERSION = YES;
				GCC_WARN_ABOUT_RETURN_TYPE = YES_ERROR;
				GCC_WARN_UNDECLARED_SELECTOR = YES;
				GCC_WARN_UNINITIALIZED_AUTOS = YES_AGGRESSIVE;
				GCC_WARN_UNUSED_FUNCTION = YES;
				GCC_WARN_UNUSED_VARIABLE = YES;
				IPHONEOS_DEPLOYMENT_TARGET = 11.4;
				MTL_ENABLE_DEBUG_INFO = YES;
				ONLY_ACTIVE_ARCH = YES;
				SDKROOT = iphoneos;
			};
			name = Debug;
		};
		17DD7CB920DED85D0041516B /* Release */ = {
			isa = XCBuildConfiguration;
			buildSettings = {
				ALWAYS_SEARCH_USER_PATHS = NO;
				CLANG_ANALYZER_NONNULL = YES;
				CLANG_ANALYZER_NUMBER_OBJECT_CONVERSION = YES_AGGRESSIVE;
				CLANG_CXX_LANGUAGE_STANDARD = "gnu++14";
				CLANG_CXX_LIBRARY = "libc++";
				CLANG_ENABLE_MODULES = YES;
				CLANG_ENABLE_OBJC_ARC = YES;
				CLANG_ENABLE_OBJC_WEAK = YES;
				CLANG_WARN_BLOCK_CAPTURE_AUTORELEASING = YES;
				CLANG_WARN_BOOL_CONVERSION = YES;
				CLANG_WARN_COMMA = YES;
				CLANG_WARN_CONSTANT_CONVERSION = YES;
				CLANG_WARN_DEPRECATED_OBJC_IMPLEMENTATIONS = YES;
				CLANG_WARN_DIRECT_OBJC_ISA_USAGE = YES_ERROR;
				CLANG_WARN_DOCUMENTATION_COMMENTS = YES;
				CLANG_WARN_EMPTY_BODY = YES;
				CLANG_WARN_ENUM_CONVERSION = YES;
				CLANG_WARN_INFINITE_RECURSION = YES;
				CLANG_WARN_INT_CONVERSION = YES;
				CLANG_WARN_NON_LITERAL_NULL_CONVERSION = YES;
				CLANG_WARN_OBJC_IMPLICIT_RETAIN_SELF = YES;
				CLANG_WARN_OBJC_LITERAL_CONVERSION = YES;
				CLANG_WARN_OBJC_ROOT_CLASS = YES_ERROR;
				CLANG_WARN_RANGE_LOOP_ANALYSIS = YES;
				CLANG_WARN_STRICT_PROTOTYPES = YES;
				CLANG_WARN_SUSPICIOUS_MOVE = YES;
				CLANG_WARN_UNGUARDED_AVAILABILITY = YES_AGGRESSIVE;
				CLANG_WARN_UNREACHABLE_CODE = YES;
				CLANG_WARN__DUPLICATE_METHOD_MATCH = YES;
				CODE_SIGN_IDENTITY = "iPhone Developer";
				COPY_PHASE_STRIP = NO;
				DEBUG_INFORMATION_FORMAT = "dwarf-with-dsym";
				ENABLE_NS_ASSERTIONS = NO;
				ENABLE_STRICT_OBJC_MSGSEND = YES;
				GCC_C_LANGUAGE_STANDARD = gnu11;
				GCC_NO_COMMON_BLOCKS = YES;
				GCC_WARN_64_TO_32_BIT_CONVERSION = YES;
				GCC_WARN_ABOUT_RETURN_TYPE = YES_ERROR;
				GCC_WARN_UNDECLARED_SELECTOR = YES;
				GCC_WARN_UNINITIALIZED_AUTOS = YES_AGGRESSIVE;
				GCC_WARN_UNUSED_FUNCTION = YES;
				GCC_WARN_UNUSED_VARIABLE = YES;
				IPHONEOS_DEPLOYMENT_TARGET = 11.4;
				MTL_ENABLE_DEBUG_INFO = NO;
				SDKROOT = iphoneos;
				VALIDATE_PRODUCT = YES;
			};
			name = Release;
		};
		17DD7CBB20DED85D0041516B /* Debug */ = {
			isa = XCBuildConfiguration;
			buildSettings = {
				ASSETCATALOG_COMPILER_APPICON_NAME = AppIcon;
				CODE_SIGN_STYLE = Automatic;
				DEVELOPMENT_TEAM = KZ59LHH5H4;
				INFOPLIST_FILE = QuizParentAppBase/Info.plist;
				LD_RUNPATH_SEARCH_PATHS = (
					"$(inherited)",
					"@executable_path/Frameworks",
				);
				PRODUCT_BUNDLE_IDENTIFIER = de.uniba.QuizParentAppBase;
				PRODUCT_NAME = "$(TARGET_NAME)";
				TARGETED_DEVICE_FAMILY = "1,2";
			};
			name = Debug;
		};
		17DD7CBC20DED85D0041516B /* Release */ = {
			isa = XCBuildConfiguration;
			buildSettings = {
				ASSETCATALOG_COMPILER_APPICON_NAME = AppIcon;
				CODE_SIGN_STYLE = Automatic;
				DEVELOPMENT_TEAM = KZ59LHH5H4;
				INFOPLIST_FILE = QuizParentAppBase/Info.plist;
				LD_RUNPATH_SEARCH_PATHS = (
					"$(inherited)",
					"@executable_path/Frameworks",
				);
				PRODUCT_BUNDLE_IDENTIFIER = de.uniba.QuizParentAppBase;
				PRODUCT_NAME = "$(TARGET_NAME)";
				TARGETED_DEVICE_FAMILY = "1,2";
			};
			name = Release;
		};
		17DD7CD120DEE4690041516B /* Debug */ = {
			isa = XCBuildConfiguration;
			buildSettings = {
				ASSETCATALOG_COMPILER_APPICON_NAME = AppIcon;
				CLANG_ENABLE_MODULES = YES;
				CODE_SIGN_STYLE = Automatic;
				DEVELOPMENT_TEAM = KZ59LHH5H4;
				INFOPLIST_FILE = Quiz_Swift/Info.plist;
				LD_RUNPATH_SEARCH_PATHS = (
					"$(inherited)",
					"@executable_path/Frameworks",
				);
				PRODUCT_BUNDLE_IDENTIFIER = "de.uniba.Quiz-Swift";
				PRODUCT_NAME = "$(TARGET_NAME)";
				SWIFT_ACTIVE_COMPILATION_CONDITIONS = DEBUG;
				SWIFT_OBJC_BRIDGING_HEADER = "Quiz_Swift/Quiz_Swift-Bridging-Header.h";
				SWIFT_OPTIMIZATION_LEVEL = "-Onone";
				SWIFT_VERSION = 4.0;
				TARGETED_DEVICE_FAMILY = "1,2";
			};
			name = Debug;
		};
		17DD7CD220DEE4690041516B /* Release */ = {
			isa = XCBuildConfiguration;
			buildSettings = {
				ASSETCATALOG_COMPILER_APPICON_NAME = AppIcon;
				CLANG_ENABLE_MODULES = YES;
				CODE_SIGN_STYLE = Automatic;
				DEVELOPMENT_TEAM = KZ59LHH5H4;
				INFOPLIST_FILE = Quiz_Swift/Info.plist;
				LD_RUNPATH_SEARCH_PATHS = (
					"$(inherited)",
					"@executable_path/Frameworks",
				);
				PRODUCT_BUNDLE_IDENTIFIER = "de.uniba.Quiz-Swift";
				PRODUCT_NAME = "$(TARGET_NAME)";
				SWIFT_COMPILATION_MODE = wholemodule;
				SWIFT_OBJC_BRIDGING_HEADER = "Quiz_Swift/Quiz_Swift-Bridging-Header.h";
				SWIFT_OPTIMIZATION_LEVEL = "-O";
				SWIFT_VERSION = 4.0;
				TARGETED_DEVICE_FAMILY = "1,2";
			};
			name = Release;
		};
		17DD7CEB20DEE47D0041516B /* Debug */ = {
			isa = XCBuildConfiguration;
			buildSettings = {
				ASSETCATALOG_COMPILER_APPICON_NAME = AppIcon;
				CODE_SIGN_STYLE = Automatic;
				DEVELOPMENT_TEAM = KZ59LHH5H4;
				INFOPLIST_FILE = Quiz_ObjC/Info.plist;
				LD_RUNPATH_SEARCH_PATHS = (
					"$(inherited)",
					"@executable_path/Frameworks",
				);
				PRODUCT_BUNDLE_IDENTIFIER = "de.uniba.Quiz-ObjC";
				PRODUCT_NAME = "$(TARGET_NAME)";
				TARGETED_DEVICE_FAMILY = "1,2";
			};
			name = Debug;
		};
		17DD7CEC20DEE47D0041516B /* Release */ = {
			isa = XCBuildConfiguration;
			buildSettings = {
				ASSETCATALOG_COMPILER_APPICON_NAME = AppIcon;
				CODE_SIGN_STYLE = Automatic;
				DEVELOPMENT_TEAM = KZ59LHH5H4;
				INFOPLIST_FILE = Quiz_ObjC/Info.plist;
				LD_RUNPATH_SEARCH_PATHS = (
					"$(inherited)",
					"@executable_path/Frameworks",
				);
				PRODUCT_BUNDLE_IDENTIFIER = "de.uniba.Quiz-ObjC";
				PRODUCT_NAME = "$(TARGET_NAME)";
				TARGETED_DEVICE_FAMILY = "1,2";
			};
			name = Release;
		};
/* End XCBuildConfiguration section */

/* Begin XCConfigurationList section */
		17DD7C9F20DED85C0041516B /* Build configuration list for PBXProject "QuizParentAppBase" */ = {
			isa = XCConfigurationList;
			buildConfigurations = (
				17DD7CB820DED85D0041516B /* Debug */,
				17DD7CB920DED85D0041516B /* Release */,
			);
			defaultConfigurationIsVisible = 0;
			defaultConfigurationName = Release;
		};
		17DD7CBA20DED85D0041516B /* Build configuration list for PBXNativeTarget "QuizParentAppBase" */ = {
			isa = XCConfigurationList;
			buildConfigurations = (
				17DD7CBB20DED85D0041516B /* Debug */,
				17DD7CBC20DED85D0041516B /* Release */,
			);
			defaultConfigurationIsVisible = 0;
			defaultConfigurationName = Release;
		};
		17DD7CD020DEE4690041516B /* Build configuration list for PBXNativeTarget "Quiz_Swift" */ = {
			isa = XCConfigurationList;
			buildConfigurations = (
				17DD7CD120DEE4690041516B /* Debug */,
				17DD7CD220DEE4690041516B /* Release */,
			);
			defaultConfigurationIsVisible = 0;
			defaultConfigurationName = Release;
		};
		17DD7CEA20DEE47D0041516B /* Build configuration list for PBXNativeTarget "Quiz_ObjC" */ = {
			isa = XCConfigurationList;
			buildConfigurations = (
				17DD7CEB20DEE47D0041516B /* Debug */,
				17DD7CEC20DEE47D0041516B /* Release */,
			);
			defaultConfigurationIsVisible = 0;
			defaultConfigurationName = Release;
		};
/* End XCConfigurationList section */
	};
	rootObject = 17DD7C9C20DED85C0041516B /* Project object */;
}
